<?xml version="1.0" encoding="utf-8"?>
<Project ToolsVersion="4.0" xmlns="http://schemas.microsoft.com/developer/msbuild/2003">
  <ItemGroup>
    <Filter Include="Source Files">
      <UniqueIdentifier>{4FC737F1-C7A5-4376-A066-2A32D752A2FF}</UniqueIdentifier>
      <Extensions>cpp;c;cc;cxx;def;odl;idl;hpj;bat;asm;asmx</Extensions>
    </Filter>
    <Filter Include="Header Files">
      <UniqueIdentifier>{93995380-89BD-4b04-88EB-625FBE52EBFB}</UniqueIdentifier>
      <Extensions>h;hh;hpp;hxx;hm;inl;inc;xsd</Extensions>
    </Filter>
    <Filter Include="Resource Files">
      <UniqueIdentifier>{67DA6AB6-F800-4c08-8B7A-83BB121AAD01}</UniqueIdentifier>
      <Extensions>rc;ico;cur;bmp;dlg;rc2;rct;bin;rgs;gif;jpg;jpeg;jpe;resx;tiff;tif;png;wav;mfcribbon-ms</Extensions>
    </Filter>
    <Filter Include="Header Files\LoLInternals">
      <UniqueIdentifier>{08460e9e-860c-4f80-8ca9-3b5363486f13}</UniqueIdentifier>
    </Filter>
    <Filter Include="Source Files\LoLInternals">
      <UniqueIdentifier>{2f4c48b9-ddb3-4b5a-8394-da5201547c20}</UniqueIdentifier>
    </Filter>
    <Filter Include="Header Files\GameObjects">
      <UniqueIdentifier>{99981970-91ba-4057-82e0-219c1a6003b2}</UniqueIdentifier>
    </Filter>
    <Filter Include="Header Files\NetworkPipe">
      <UniqueIdentifier>{b432abaf-e552-46c7-b77f-f5246719c710}</UniqueIdentifier>
    </Filter>
    <Filter Include="Source Files\NetworkPipe">
      <UniqueIdentifier>{91362c64-b859-40c8-8001-34c36acdbf84}</UniqueIdentifier>
    </Filter>
  </ItemGroup>
  <ItemGroup>
    <ClCompile Include="main.cpp">
      <Filter>Source Files</Filter>
    </ClCompile>
    <ClCompile Include="ObjectManager.cpp">
      <Filter>Source Files</Filter>
    </ClCompile>
    <ClCompile Include="Game.cpp">
      <Filter>Source Files\LoLInternals</Filter>
    </ClCompile>
    <ClCompile Include="Draw.cpp">
      <Filter>Source Files\LoLInternals</Filter>
    </ClCompile>
    <ClCompile Include="Shop.cpp">
      <Filter>Source Files\LoLInternals</Filter>
    </ClCompile>
    <ClCompile Include="SpellManager.cpp">
      <Filter>Source Files\LoLInternals</Filter>
    </ClCompile>
    <ClCompile Include="Pipe.cpp">
      <Filter>Source Files\NetworkPipe</Filter>
    </ClCompile>
  </ItemGroup>
  <ItemGroup>
    <ClInclude Include="ObjectManager.h">
      <Filter>Header Files</Filter>
    </ClInclude>
    <ClInclude Include="Offsets.h">
      <Filter>Header Files</Filter>
    </ClInclude>
    <ClInclude Include="includes.h">
      <Filter>Header Files</Filter>
    </ClInclude>
    <ClInclude Include="Game.h">
      <Filter>Header Files\LoLInternals</Filter>
    </ClInclude>
    <ClInclude Include="Draw.h">
      <Filter>Header Files\LoLInternals</Filter>
    </ClInclude>
    <ClInclude Include="Units.h">
      <Filter>Header Files\GameObjects</Filter>
    </ClInclude>
    <ClInclude Include="Utils.h">
      <Filter>Header Files</Filter>
    </ClInclude>
    <ClInclude Include="GameObject.h">
      <Filter>Header Files\GameObjects</Filter>
    </ClInclude>
    <ClInclude Include="Shop.h">
      <Filter>Header Files\LoLInternals</Filter>
    </ClInclude>
    <ClInclude Include="SpellManager.h">
      <Filter>Header Files\LoLInternals</Filter>
    </ClInclude>
    <ClInclude Include="Pipe.h">
      <Filter>Header Files\NetworkPipe</Filter>
    </ClInclude>
  </ItemGroup>
</Project>